Microsoft Visual Studio Solution File, Format Version 12.00
# Visual Studio Version 17
VisualStudioVersion = 17.5.2.0
MinimumVisualStudioVersion = 10.0.40219.1
Project("{FAE04EC0-301F-11D3-BF4B-00C04F79EFBC}") = "PopulaBancoDeDados", "src\PopulaBancoDeDados.csproj", "{06665684-1453-D7E1-E555-15A23F3B8DE6}"
EndProject
Global
	GlobalSection(SolutionConfigurationPlatforms) = preSolution
		Debug|Any CPU = Debug|Any CPU
		Release|Any CPU = Release|Any CPU
	EndGlobalSection
	GlobalSection(ProjectConfigurationPlatforms) = postSolution
		{06665684-1453-D7E1-E555-15A23F3B8DE6}.Debug|Any CPU.ActiveCfg = Debug|Any CPU
		{06665684-1453-D7E1-E555-15A23F3B8DE6}.Debug|Any CPU.Build.0 = Debug|Any CPU
		{06665684-1453-D7E1-E555-15A23F3B8DE6}.Release|Any CPU.ActiveCfg = Release|Any CPU
		{06665684-1453-D7E1-E555-15A23F3B8DE6}.Release|Any CPU.Build.0 = Release|Any CPU
	EndGlobalSection
	GlobalSection(SolutionProperties) = preSolution
		HideSolutionNode = FALSE
	EndGlobalSection
	GlobalSection(ExtensibilityGlobals) = postSolution
		SolutionGuid = {3D8DC1F9-80D6-4F17-8B37-5606B0733CA2}
	EndGlobalSection
EndGlobal
